
Microsoft Visual Studio Solution File, Format Version 11.00
# Visual Studio 2010
Project("{FAE04EC0-301F-11D3-BF4B-00C04F79EFBC}") = "SDD2017AE4", "Assembly-CSharp-firstpass.csproj", "{7B3199C8-85F7-0BD7-239F-38531051F50D}"
EndProject
Project("{FAE04EC0-301F-11D3-BF4B-00C04F79EFBC}") = "SDD2017AE4", "Assembly-CSharp.csproj", "{93F25BA3-A230-76C1-BAD5-2756BACCAAA0}"
EndProject
Project("{FAE04EC0-301F-11D3-BF4B-00C04F79EFBC}") = "SDD2017AE4", "Assembly-CSharp-Editor-firstpass.csproj", "{0E0FE2B3-6282-1C64-C5C9-823D459EA525}"
EndProject
Global
	GlobalSection(SolutionConfigurationPlatforms) = preSolution
		Debug|Any CPU = Debug|Any CPU
		Release|Any CPU = Release|Any CPU
	EndGlobalSection
	GlobalSection(ProjectConfigurationPlatforms) = postSolution
		{7B3199C8-85F7-0BD7-239F-38531051F50D}.Debug|Any CPU.ActiveCfg = Debug|Any CPU
		{7B3199C8-85F7-0BD7-239F-38531051F50D}.Debug|Any CPU.Build.0 = Debug|Any CPU
		{7B3199C8-85F7-0BD7-239F-38531051F50D}.Release|Any CPU.ActiveCfg = Release|Any CPU
		{7B3199C8-85F7-0BD7-239F-38531051F50D}.Release|Any CPU.Build.0 = Release|Any CPU
		{93F25BA3-A230-76C1-BAD5-2756BACCAAA0}.Debug|Any CPU.ActiveCfg = Debug|Any CPU
		{93F25BA3-A230-76C1-BAD5-2756BACCAAA0}.Debug|Any CPU.Build.0 = Debug|Any CPU
		{93F25BA3-A230-76C1-BAD5-2756BACCAAA0}.Release|Any CPU.ActiveCfg = Release|Any CPU
		{93F25BA3-A230-76C1-BAD5-2756BACCAAA0}.Release|Any CPU.Build.0 = Release|Any CPU
		{0E0FE2B3-6282-1C64-C5C9-823D459EA525}.Debug|Any CPU.ActiveCfg = Debug|Any CPU
		{0E0FE2B3-6282-1C64-C5C9-823D459EA525}.Debug|Any CPU.Build.0 = Debug|Any CPU
		{0E0FE2B3-6282-1C64-C5C9-823D459EA525}.Release|Any CPU.ActiveCfg = Release|Any CPU
		{0E0FE2B3-6282-1C64-C5C9-823D459EA525}.Release|Any CPU.Build.0 = Release|Any CPU
	EndGlobalSection
	GlobalSection(SolutionProperties) = preSolution
		HideSolutionNode = FALSE
	EndGlobalSection
	GlobalSection(MonoDevelopProperties) = preSolution
		StartupItem = Assembly-CSharp.csproj
	EndGlobalSection
EndGlobal
